
Microsoft Visual Studio Solution File, Format Version 12.00
# Visual Studio Version 17
VisualStudioVersion = 17.4.33213.308
MinimumVisualStudioVersion = 10.0.40219.1
Project("{FAE04EC0-301F-11D3-BF4B-00C04F79EFBC}") = "DataTypes", "CSahrpProApp\DataTypes.csproj", "{D09135BC-7EE3-4A7B-9FD6-7B4937F65214}"
EndProject
Global
	GlobalSection(SolutionConfigurationPlatforms) = preSolution
		Debug|Any CPU = Debug|Any CPU
		Release|Any CPU = Release|Any CPU
	EndGlobalSection
	GlobalSection(ProjectConfigurationPlatforms) = postSolution
		{D09135BC-7EE3-4A7B-9FD6-7B4937F65214}.Debug|Any CPU.ActiveCfg = Debug|Any CPU
		{D09135BC-7EE3-4A7B-9FD6-7B4937F65214}.Debug|Any CPU.Build.0 = Debug|Any CPU
		{D09135BC-7EE3-4A7B-9FD6-7B4937F65214}.Release|Any CPU.ActiveCfg = Release|Any CPU
		{D09135BC-7EE3-4A7B-9FD6-7B4937F65214}.Release|Any CPU.Build.0 = Release|Any CPU
	EndGlobalSection
	GlobalSection(SolutionProperties) = preSolution
		HideSolutionNode = FALSE
	EndGlobalSection
	GlobalSection(ExtensibilityGlobals) = postSolution
		SolutionGuid = {DC30102B-70D7-4CEE-8E69-15D68F294E35}
	EndGlobalSection
EndGlobal
